
Microsoft Visual Studio Solution File, Format Version 12.00
# Visual Studio Version 16
VisualStudioVersion = 16.0.33130.400
MinimumVisualStudioVersion = 10.0.40219.1
Project("{FAE04EC0-301F-11D3-BF4B-00C04F79EFBC}") = "ConsultorioMedico", "ConsultorioMedico\ConsultorioMedico.csproj", "{DC833305-7EE7-4A59-B054-335DADBC161E}"
EndProject
Global
	GlobalSection(SolutionConfigurationPlatforms) = preSolution
		Debug|Any CPU = Debug|Any CPU
		Release|Any CPU = Release|Any CPU
	EndGlobalSection
	GlobalSection(ProjectConfigurationPlatforms) = postSolution
		{DC833305-7EE7-4A59-B054-335DADBC161E}.Debug|Any CPU.ActiveCfg = Debug|Any CPU
		{DC833305-7EE7-4A59-B054-335DADBC161E}.Debug|Any CPU.Build.0 = Debug|Any CPU
		{DC833305-7EE7-4A59-B054-335DADBC161E}.Release|Any CPU.ActiveCfg = Release|Any CPU
		{DC833305-7EE7-4A59-B054-335DADBC161E}.Release|Any CPU.Build.0 = Release|Any CPU
	EndGlobalSection
	GlobalSection(SolutionProperties) = preSolution
		HideSolutionNode = FALSE
	EndGlobalSection
	GlobalSection(ExtensibilityGlobals) = postSolution
		SolutionGuid = {5F7C6E5D-331D-46C8-B991-BC99AB9A610E}
	EndGlobalSection
EndGlobal
